
Microsoft Visual Studio Solution File, Format Version 12.00
# Visual Studio 15
VisualStudioVersion = 15.0.28307.539
MinimumVisualStudioVersion = 10.0.40219.1
Project("{FAE04EC0-301F-11D3-BF4B-00C04F79EFBC}") = "Library", "Library\Library.csproj", "{439A99DC-A60B-4FD9-854E-96510C262AC9}"
	ProjectSection(ProjectDependencies) = postProject
		{B02D1551-7F78-4C1D-8AB6-CBA797742F19} = {B02D1551-7F78-4C1D-8AB6-CBA797742F19}
		{E491F069-7099-4C7A-B4AA-CC84567C4111} = {E491F069-7099-4C7A-B4AA-CC84567C4111}
		{A522BE6C-5247-4EF4-A951-3CC29789BD85} = {A522BE6C-5247-4EF4-A951-3CC29789BD85}
	EndProjectSection
EndProject
Project("{FAE04EC0-301F-11D3-BF4B-00C04F79EFBC}") = "LibraryCore", "LibraryCore\LibraryCore.csproj", "{B02D1551-7F78-4C1D-8AB6-CBA797742F19}"
EndProject
Project("{FAE04EC0-301F-11D3-BF4B-00C04F79EFBC}") = "LibraryCommon", "LibraryCommon\LibraryCommon.csproj", "{A522BE6C-5247-4EF4-A951-3CC29789BD85}"
EndProject
Project("{FAE04EC0-301F-11D3-BF4B-00C04F79EFBC}") = "DataSource", "Plugins\DataSource\DataSource.csproj", "{E491F069-7099-4C7A-B4AA-CC84567C4111}"
	ProjectSection(ProjectDependencies) = postProject
		{B02D1551-7F78-4C1D-8AB6-CBA797742F19} = {B02D1551-7F78-4C1D-8AB6-CBA797742F19}
		{A522BE6C-5247-4EF4-A951-3CC29789BD85} = {A522BE6C-5247-4EF4-A951-3CC29789BD85}
	EndProjectSection
EndProject
Global
	GlobalSection(SolutionConfigurationPlatforms) = preSolution
		Debug|Any CPU = Debug|Any CPU
		Debug|ARM = Debug|ARM
		Debug|ARM64 = Debug|ARM64
		Debug|x64 = Debug|x64
		Debug|x86 = Debug|x86
		Release|Any CPU = Release|Any CPU
		Release|ARM = Release|ARM
		Release|ARM64 = Release|ARM64
		Release|x64 = Release|x64
		Release|x86 = Release|x86
	EndGlobalSection
	GlobalSection(ProjectConfigurationPlatforms) = postSolution
		{439A99DC-A60B-4FD9-854E-96510C262AC9}.Debug|Any CPU.ActiveCfg = Debug|Any CPU
		{439A99DC-A60B-4FD9-854E-96510C262AC9}.Debug|Any CPU.Build.0 = Debug|Any CPU
		{439A99DC-A60B-4FD9-854E-96510C262AC9}.Debug|ARM.ActiveCfg = Debug|Any CPU
		{439A99DC-A60B-4FD9-854E-96510C262AC9}.Debug|ARM.Build.0 = Debug|Any CPU
		{439A99DC-A60B-4FD9-854E-96510C262AC9}.Debug|ARM64.ActiveCfg = Debug|Any CPU
		{439A99DC-A60B-4FD9-854E-96510C262AC9}.Debug|ARM64.Build.0 = Debug|Any CPU
		{439A99DC-A60B-4FD9-854E-96510C262AC9}.Debug|x64.ActiveCfg = Debug|Any CPU
		{439A99DC-A60B-4FD9-854E-96510C262AC9}.Debug|x64.Build.0 = Debug|Any CPU
		{439A99DC-A60B-4FD9-854E-96510C262AC9}.Debug|x86.ActiveCfg = Debug|Any CPU
		{439A99DC-A60B-4FD9-854E-96510C262AC9}.Debug|x86.Build.0 = Debug|Any CPU
		{439A99DC-A60B-4FD9-854E-96510C262AC9}.Release|Any CPU.ActiveCfg = Release|Any CPU
		{439A99DC-A60B-4FD9-854E-96510C262AC9}.Release|Any CPU.Build.0 = Release|Any CPU
		{439A99DC-A60B-4FD9-854E-96510C262AC9}.Release|ARM.ActiveCfg = Release|Any CPU
		{439A99DC-A60B-4FD9-854E-96510C262AC9}.Release|ARM.Build.0 = Release|Any CPU
		{439A99DC-A60B-4FD9-854E-96510C262AC9}.Release|ARM64.ActiveCfg = Release|Any CPU
		{439A99DC-A60B-4FD9-854E-96510C262AC9}.Release|ARM64.Build.0 = Release|Any CPU
		{439A99DC-A60B-4FD9-854E-96510C262AC9}.Release|x64.ActiveCfg = Release|Any CPU
		{439A99DC-A60B-4FD9-854E-96510C262AC9}.Release|x64.Build.0 = Release|Any CPU
		{439A99DC-A60B-4FD9-854E-96510C262AC9}.Release|x86.ActiveCfg = Release|Any CPU
		{439A99DC-A60B-4FD9-854E-96510C262AC9}.Release|x86.Build.0 = Release|Any CPU
		{B02D1551-7F78-4C1D-8AB6-CBA797742F19}.Debug|Any CPU.ActiveCfg = Debug|Any CPU
		{B02D1551-7F78-4C1D-8AB6-CBA797742F19}.Debug|Any CPU.Build.0 = Debug|Any CPU
		{B02D1551-7F78-4C1D-8AB6-CBA797742F19}.Debug|ARM.ActiveCfg = Debug|Any CPU
		{B02D1551-7F78-4C1D-8AB6-CBA797742F19}.Debug|ARM.Build.0 = Debug|Any CPU
		{B02D1551-7F78-4C1D-8AB6-CBA797742F19}.Debug|ARM64.ActiveCfg = Debug|Any CPU
		{B02D1551-7F78-4C1D-8AB6-CBA797742F19}.Debug|ARM64.Build.0 = Debug|Any CPU
		{B02D1551-7F78-4C1D-8AB6-CBA797742F19}.Debug|x64.ActiveCfg = Debug|Any CPU
		{B02D1551-7F78-4C1D-8AB6-CBA797742F19}.Debug|x64.Build.0 = Debug|Any CPU
		{B02D1551-7F78-4C1D-8AB6-CBA797742F19}.Debug|x86.ActiveCfg = Debug|Any CPU
		{B02D1551-7F78-4C1D-8AB6-CBA797742F19}.Debug|x86.Build.0 = Debug|Any CPU
		{B02D1551-7F78-4C1D-8AB6-CBA797742F19}.Release|Any CPU.ActiveCfg = Release|Any CPU
		{B02D1551-7F78-4C1D-8AB6-CBA797742F19}.Release|Any CPU.Build.0 = Release|Any CPU
		{B02D1551-7F78-4C1D-8AB6-CBA797742F19}.Release|ARM.ActiveCfg = Release|Any CPU
		{B02D1551-7F78-4C1D-8AB6-CBA797742F19}.Release|ARM.Build.0 = Release|Any CPU
		{B02D1551-7F78-4C1D-8AB6-CBA797742F19}.Release|ARM64.ActiveCfg = Release|Any CPU
		{B02D1551-7F78-4C1D-8AB6-CBA797742F19}.Release|ARM64.Build.0 = Release|Any CPU
		{B02D1551-7F78-4C1D-8AB6-CBA797742F19}.Release|x64.ActiveCfg = Release|Any CPU
		{B02D1551-7F78-4C1D-8AB6-CBA797742F19}.Release|x64.Build.0 = Release|Any CPU
		{B02D1551-7F78-4C1D-8AB6-CBA797742F19}.Release|x86.ActiveCfg = Release|Any CPU
		{B02D1551-7F78-4C1D-8AB6-CBA797742F19}.Release|x86.Build.0 = Release|Any CPU
		{A522BE6C-5247-4EF4-A951-3CC29789BD85}.Debug|Any CPU.ActiveCfg = Debug|Any CPU
		{A522BE6C-5247-4EF4-A951-3CC29789BD85}.Debug|Any CPU.Build.0 = Debug|Any CPU
		{A522BE6C-5247-4EF4-A951-3CC29789BD85}.Debug|ARM.ActiveCfg = Debug|Any CPU
		{A522BE6C-5247-4EF4-A951-3CC29789BD85}.Debug|ARM.Build.0 = Debug|Any CPU
		{A522BE6C-5247-4EF4-A951-3CC29789BD85}.Debug|ARM64.ActiveCfg = Debug|Any CPU
		{A522BE6C-5247-4EF4-A951-3CC29789BD85}.Debug|ARM64.Build.0 = Debug|Any CPU
		{A522BE6C-5247-4EF4-A951-3CC29789BD85}.Debug|x64.ActiveCfg = Debug|Any CPU
		{A522BE6C-5247-4EF4-A951-3CC29789BD85}.Debug|x64.Build.0 = Debug|Any CPU
		{A522BE6C-5247-4EF4-A951-3CC29789BD85}.Debug|x86.ActiveCfg = Debug|Any CPU
		{A522BE6C-5247-4EF4-A951-3CC29789BD85}.Debug|x86.Build.0 = Debug|Any CPU
		{A522BE6C-5247-4EF4-A951-3CC29789BD85}.Release|Any CPU.ActiveCfg = Release|Any CPU
		{A522BE6C-5247-4EF4-A951-3CC29789BD85}.Release|Any CPU.Build.0 = Release|Any CPU
		{A522BE6C-5247-4EF4-A951-3CC29789BD85}.Release|ARM.ActiveCfg = Release|Any CPU
		{A522BE6C-5247-4EF4-A951-3CC29789BD85}.Release|ARM.Build.0 = Release|Any CPU
		{A522BE6C-5247-4EF4-A951-3CC29789BD85}.Release|ARM64.ActiveCfg = Release|Any CPU
		{A522BE6C-5247-4EF4-A951-3CC29789BD85}.Release|ARM64.Build.0 = Release|Any CPU
		{A522BE6C-5247-4EF4-A951-3CC29789BD85}.Release|x64.ActiveCfg = Release|Any CPU
		{A522BE6C-5247-4EF4-A951-3CC29789BD85}.Release|x64.Build.0 = Release|Any CPU
		{A522BE6C-5247-4EF4-A951-3CC29789BD85}.Release|x86.ActiveCfg = Release|Any CPU
		{A522BE6C-5247-4EF4-A951-3CC29789BD85}.Release|x86.Build.0 = Release|Any CPU
		{E491F069-7099-4C7A-B4AA-CC84567C4111}.Debug|Any CPU.ActiveCfg = Debug|Any CPU
		{E491F069-7099-4C7A-B4AA-CC84567C4111}.Debug|Any CPU.Build.0 = Debug|Any CPU
		{E491F069-7099-4C7A-B4AA-CC84567C4111}.Debug|ARM.ActiveCfg = Debug|Any CPU
		{E491F069-7099-4C7A-B4AA-CC84567C4111}.Debug|ARM.Build.0 = Debug|Any CPU
		{E491F069-7099-4C7A-B4AA-CC84567C4111}.Debug|ARM64.ActiveCfg = Debug|Any CPU
		{E491F069-7099-4C7A-B4AA-CC84567C4111}.Debug|ARM64.Build.0 = Debug|Any CPU
		{E491F069-7099-4C7A-B4AA-CC84567C4111}.Debug|x64.ActiveCfg = Debug|Any CPU
		{E491F069-7099-4C7A-B4AA-CC84567C4111}.Debug|x64.Build.0 = Debug|Any CPU
		{E491F069-7099-4C7A-B4AA-CC84567C4111}.Debug|x86.ActiveCfg = Debug|Any CPU
		{E491F069-7099-4C7A-B4AA-CC84567C4111}.Debug|x86.Build.0 = Debug|Any CPU
		{E491F069-7099-4C7A-B4AA-CC84567C4111}.Release|Any CPU.ActiveCfg = Release|Any CPU
		{E491F069-7099-4C7A-B4AA-CC84567C4111}.Release|Any CPU.Build.0 = Release|Any CPU
		{E491F069-7099-4C7A-B4AA-CC84567C4111}.Release|ARM.ActiveCfg = Release|Any CPU
		{E491F069-7099-4C7A-B4AA-CC84567C4111}.Release|ARM.Build.0 = Release|Any CPU
		{E491F069-7099-4C7A-B4AA-CC84567C4111}.Release|ARM64.ActiveCfg = Release|Any CPU
		{E491F069-7099-4C7A-B4AA-CC84567C4111}.Release|ARM64.Build.0 = Release|Any CPU
		{E491F069-7099-4C7A-B4AA-CC84567C4111}.Release|x64.ActiveCfg = Release|Any CPU
		{E491F069-7099-4C7A-B4AA-CC84567C4111}.Release|x64.Build.0 = Release|Any CPU
		{E491F069-7099-4C7A-B4AA-CC84567C4111}.Release|x86.ActiveCfg = Release|Any CPU
		{E491F069-7099-4C7A-B4AA-CC84567C4111}.Release|x86.Build.0 = Release|Any CPU
	EndGlobalSection
	GlobalSection(SolutionProperties) = preSolution
		HideSolutionNode = FALSE
	EndGlobalSection
	GlobalSection(ExtensibilityGlobals) = postSolution
		SolutionGuid = {70CCAB88-EB40-4359-B061-3273AA1BD628}
	EndGlobalSection
EndGlobal
